
Microsoft Visual Studio Solution File, Format Version 12.00
# Visual Studio Version 17
VisualStudioVersion = 17.7.34024.191
MinimumVisualStudioVersion = 10.0.40219.1
Project("{FAE04EC0-301F-11D3-BF4B-00C04F79EFBC}") = "Projekt1", "Projekt1.csproj", "{D4F8B5EF-D992-4A9E-BCDF-0F31E8E20B0A}"
EndProject
Global
	GlobalSection(SolutionConfigurationPlatforms) = preSolution
		Debug|Any CPU = Debug|Any CPU
		Release|Any CPU = Release|Any CPU
	EndGlobalSection
	GlobalSection(ProjectConfigurationPlatforms) = postSolution
		{D4F8B5EF-D992-4A9E-BCDF-0F31E8E20B0A}.Debug|Any CPU.ActiveCfg = Debug|Any CPU
		{D4F8B5EF-D992-4A9E-BCDF-0F31E8E20B0A}.Debug|Any CPU.Build.0 = Debug|Any CPU
		{D4F8B5EF-D992-4A9E-BCDF-0F31E8E20B0A}.Release|Any CPU.ActiveCfg = Release|Any CPU
		{D4F8B5EF-D992-4A9E-BCDF-0F31E8E20B0A}.Release|Any CPU.Build.0 = Release|Any CPU
	EndGlobalSection
	GlobalSection(SolutionProperties) = preSolution
		HideSolutionNode = FALSE
	EndGlobalSection
	GlobalSection(ExtensibilityGlobals) = postSolution
		SolutionGuid = {DF658FBE-C542-4456-A6BD-C40D06D5D4FD}
	EndGlobalSection
EndGlobal
